
Microsoft Visual Studio Solution File, Format Version 12.00
# Visual Studio 14
VisualStudioVersion = 14.0.25420.1
MinimumVisualStudioVersion = 10.0.40219.1
Project("{FAE04EC0-301F-11D3-BF4B-00C04F79EFBC}") = "LfkClient", "LfkClient\LfkClient.csproj", "{BE365C44-5689-43EB-9911-C8E916A692CC}"
EndProject
Project("{FAE04EC0-301F-11D3-BF4B-00C04F79EFBC}") = "LfkServer", "LfkServer\LfkServer.csproj", "{2C8D6C96-0DC0-4B2C-8D0D-800F2BF4C380}"
EndProject
Project("{FAE04EC0-301F-11D3-BF4B-00C04F79EFBC}") = "LfkGUI", "LfkGUI\LfkGUI.csproj", "{D65BA871-95DC-42E7-A260-E7045471B5B0}"
	ProjectSection(ProjectDependencies) = postProject
		{BE365C44-5689-43EB-9911-C8E916A692CC} = {BE365C44-5689-43EB-9911-C8E916A692CC}
	EndProjectSection
EndProject
Project("{FAE04EC0-301F-11D3-BF4B-00C04F79EFBC}") = "LfkSharedResources", "LfkSharedResources\LfkSharedResources.csproj", "{1FAB1039-C8BF-4CB9-8372-F075C34DCD83}"
EndProject
Global
	GlobalSection(SolutionConfigurationPlatforms) = preSolution
		Debug|Any CPU = Debug|Any CPU
		Release|Any CPU = Release|Any CPU
	EndGlobalSection
	GlobalSection(ProjectConfigurationPlatforms) = postSolution
		{BE365C44-5689-43EB-9911-C8E916A692CC}.Debug|Any CPU.ActiveCfg = Debug|Any CPU
		{BE365C44-5689-43EB-9911-C8E916A692CC}.Debug|Any CPU.Build.0 = Debug|Any CPU
		{BE365C44-5689-43EB-9911-C8E916A692CC}.Release|Any CPU.ActiveCfg = Release|Any CPU
		{BE365C44-5689-43EB-9911-C8E916A692CC}.Release|Any CPU.Build.0 = Release|Any CPU
		{2C8D6C96-0DC0-4B2C-8D0D-800F2BF4C380}.Debug|Any CPU.ActiveCfg = Debug|Any CPU
		{2C8D6C96-0DC0-4B2C-8D0D-800F2BF4C380}.Debug|Any CPU.Build.0 = Debug|Any CPU
		{2C8D6C96-0DC0-4B2C-8D0D-800F2BF4C380}.Release|Any CPU.ActiveCfg = Release|Any CPU
		{2C8D6C96-0DC0-4B2C-8D0D-800F2BF4C380}.Release|Any CPU.Build.0 = Release|Any CPU
		{D65BA871-95DC-42E7-A260-E7045471B5B0}.Debug|Any CPU.ActiveCfg = Debug|Any CPU
		{D65BA871-95DC-42E7-A260-E7045471B5B0}.Debug|Any CPU.Build.0 = Debug|Any CPU
		{D65BA871-95DC-42E7-A260-E7045471B5B0}.Release|Any CPU.ActiveCfg = Release|Any CPU
		{D65BA871-95DC-42E7-A260-E7045471B5B0}.Release|Any CPU.Build.0 = Release|Any CPU
		{1FAB1039-C8BF-4CB9-8372-F075C34DCD83}.Debug|Any CPU.ActiveCfg = Debug|Any CPU
		{1FAB1039-C8BF-4CB9-8372-F075C34DCD83}.Debug|Any CPU.Build.0 = Debug|Any CPU
		{1FAB1039-C8BF-4CB9-8372-F075C34DCD83}.Release|Any CPU.ActiveCfg = Release|Any CPU
		{1FAB1039-C8BF-4CB9-8372-F075C34DCD83}.Release|Any CPU.Build.0 = Release|Any CPU
	EndGlobalSection
	GlobalSection(SolutionProperties) = preSolution
		HideSolutionNode = FALSE
	EndGlobalSection
EndGlobal
